lockfileVersion: '9.0'

settings:
  autoInstallPeers: true
  excludeLinksFromLockfile: false

importers:

  .:
    dependencies:
      '@xterm/xterm':
        specifier: ^6.0.0
        version: 6.0.0

packages:

  '@xterm/xterm@6.0.0':
    resolution: {integrity: sha512-TQwDdQGtwwDt+2cgKDLn0IRaSxYu1tSUjgKarSDkUM0ZNiSRXFpjxEsvc/Zgc5kq5omJ+V0a8/kIM2WD3sMOYg==}

snapshots:

  '@xterm/xterm@6.0.0': {}
